
Microsoft Visual Studio Solution File, Format Version 11.00
# Visual Studio 2010
Project("{FAE04EC0-301F-11D3-BF4B-00C04F79EFBC}") = "AA.Mothership", "AA.Mothership\AA.Mothership.csproj", "{0500B909-98DB-4230-9588-00F558423CF2}"
EndProject
Project("{FAE04EC0-301F-11D3-BF4B-00C04F79EFBC}") = "Assembly-CSharp", "Assembly-CSharp\Assembly-CSharp.csproj", "{0500B909-98DB-4230-9588-00F558423CF3}"
EndProject
Project("{FAE04EC0-301F-11D3-BF4B-00C04F79EFBC}") = "Fusion.Realtime", "Fusion.Realtime\Fusion.Realtime.csproj", "{0500B909-98DB-4230-9588-00F558423CF4}"
EndProject
Project("{FAE04EC0-301F-11D3-BF4B-00C04F79EFBC}") = "Fusion.Runtime", "Fusion.Runtime\Fusion.Runtime.csproj", "{0500B909-98DB-4230-9588-00F558423CF5}"
EndProject
Project("{FAE04EC0-301F-11D3-BF4B-00C04F79EFBC}") = "Photon3Unity3D", "Photon3Unity3D\Photon3Unity3D.csproj", "{0500B909-98DB-4230-9588-00F558423CF6}"
EndProject
Project("{FAE04EC0-301F-11D3-BF4B-00C04F79EFBC}") = "PhotonRealtime", "PhotonRealtime\PhotonRealtime.csproj", "{0500B909-98DB-4230-9588-00F558423CF7}"
EndProject
Project("{FAE04EC0-301F-11D3-BF4B-00C04F79EFBC}") = "PhotonUnityNetworking.Utilities", "PhotonUnityNetworking.Utilities\PhotonUnityNetworking.Utilities.csproj", "{0500B909-98DB-4230-9588-00F558423CF9}"
EndProject
Project("{FAE04EC0-301F-11D3-BF4B-00C04F79EFBC}") = "PhotonUnityNetworking", "PhotonUnityNetworking\PhotonUnityNetworking.csproj", "{0500B909-98DB-4230-9588-00F558423CF8}"
EndProject
Project("{FAE04EC0-301F-11D3-BF4B-00C04F79EFBC}") = "PhotonVoice.API", "PhotonVoice.API\PhotonVoice.API.csproj", "{0500B909-98DB-4230-9588-00F558423CFA}"
EndProject
Project("{FAE04EC0-301F-11D3-BF4B-00C04F79EFBC}") = "PhotonVoice.Fusion", "PhotonVoice.Fusion\PhotonVoice.Fusion.csproj", "{0500B909-98DB-4230-9588-00F558423CFC}"
EndProject
Project("{FAE04EC0-301F-11D3-BF4B-00C04F79EFBC}") = "PhotonVoice.PUN", "PhotonVoice.PUN\PhotonVoice.PUN.csproj", "{0500B909-98DB-4230-9588-00F558423CFD}"
EndProject
Project("{FAE04EC0-301F-11D3-BF4B-00C04F79EFBC}") = "PhotonVoice", "PhotonVoice\PhotonVoice.csproj", "{0500B909-98DB-4230-9588-00F558423CFB}"
EndProject
Global
	GlobalSection(SolutionConfigurationPlatforms) = preSolution
		Debug|Any CPU = Debug|Any CPU
		Release|Any CPU = Release|Any CPU
	EndGlobalSection
	GlobalSection(ProjectConfigurationPlatforms) = postSolution
		{0500B909-98DB-4230-9588-00F558423CF2}.Debug|Any CPU.ActiveCfg = Debug|Any CPU
		{0500B909-98DB-4230-9588-00F558423CF2}.Debug|Any CPU.Build.0 = Debug|Any CPU
		{0500B909-98DB-4230-9588-00F558423CF2}.Release|Any CPU.ActiveCfg = Release|Any CPU
		{0500B909-98DB-4230-9588-00F558423CF2}.Release|Any CPU.Build.0 = Release|Any CPU
		{0500B909-98DB-4230-9588-00F558423CF3}.Debug|Any CPU.ActiveCfg = Debug|Any CPU
		{0500B909-98DB-4230-9588-00F558423CF3}.Debug|Any CPU.Build.0 = Debug|Any CPU
		{0500B909-98DB-4230-9588-00F558423CF3}.Release|Any CPU.ActiveCfg = Release|Any CPU
		{0500B909-98DB-4230-9588-00F558423CF3}.Release|Any CPU.Build.0 = Release|Any CPU
		{0500B909-98DB-4230-9588-00F558423CF4}.Debug|Any CPU.ActiveCfg = Debug|Any CPU
		{0500B909-98DB-4230-9588-00F558423CF4}.Debug|Any CPU.Build.0 = Debug|Any CPU
		{0500B909-98DB-4230-9588-00F558423CF4}.Release|Any CPU.ActiveCfg = Release|Any CPU
		{0500B909-98DB-4230-9588-00F558423CF4}.Release|Any CPU.Build.0 = Release|Any CPU
		{0500B909-98DB-4230-9588-00F558423CF5}.Debug|Any CPU.ActiveCfg = Debug|Any CPU
		{0500B909-98DB-4230-9588-00F558423CF5}.Debug|Any CPU.Build.0 = Debug|Any CPU
		{0500B909-98DB-4230-9588-00F558423CF5}.Release|Any CPU.ActiveCfg = Release|Any CPU
		{0500B909-98DB-4230-9588-00F558423CF5}.Release|Any CPU.Build.0 = Release|Any CPU
		{0500B909-98DB-4230-9588-00F558423CF6}.Debug|Any CPU.ActiveCfg = Debug|Any CPU
		{0500B909-98DB-4230-9588-00F558423CF6}.Debug|Any CPU.Build.0 = Debug|Any CPU
		{0500B909-98DB-4230-9588-00F558423CF6}.Release|Any CPU.ActiveCfg = Release|Any CPU
		{0500B909-98DB-4230-9588-00F558423CF6}.Release|Any CPU.Build.0 = Release|Any CPU
		{0500B909-98DB-4230-9588-00F558423CF7}.Debug|Any CPU.ActiveCfg = Debug|Any CPU
		{0500B909-98DB-4230-9588-00F558423CF7}.Debug|Any CPU.Build.0 = Debug|Any CPU
		{0500B909-98DB-4230-9588-00F558423CF7}.Release|Any CPU.ActiveCfg = Release|Any CPU
		{0500B909-98DB-4230-9588-00F558423CF7}.Release|Any CPU.Build.0 = Release|Any CPU
		{0500B909-98DB-4230-9588-00F558423CF9}.Debug|Any CPU.ActiveCfg = Debug|Any CPU
		{0500B909-98DB-4230-9588-00F558423CF9}.Debug|Any CPU.Build.0 = Debug|Any CPU
		{0500B909-98DB-4230-9588-00F558423CF9}.Release|Any CPU.ActiveCfg = Release|Any CPU
		{0500B909-98DB-4230-9588-00F558423CF9}.Release|Any CPU.Build.0 = Release|Any CPU
		{0500B909-98DB-4230-9588-00F558423CF8}.Debug|Any CPU.ActiveCfg = Debug|Any CPU
		{0500B909-98DB-4230-9588-00F558423CF8}.Debug|Any CPU.Build.0 = Debug|Any CPU
		{0500B909-98DB-4230-9588-00F558423CF8}.Release|Any CPU.ActiveCfg = Release|Any CPU
		{0500B909-98DB-4230-9588-00F558423CF8}.Release|Any CPU.Build.0 = Release|Any CPU
		{0500B909-98DB-4230-9588-00F558423CFA}.Debug|Any CPU.ActiveCfg = Debug|Any CPU
		{0500B909-98DB-4230-9588-00F558423CFA}.Debug|Any CPU.Build.0 = Debug|Any CPU
		{0500B909-98DB-4230-9588-00F558423CFA}.Release|Any CPU.ActiveCfg = Release|Any CPU
		{0500B909-98DB-4230-9588-00F558423CFA}.Release|Any CPU.Build.0 = Release|Any CPU
		{0500B909-98DB-4230-9588-00F558423CFC}.Debug|Any CPU.ActiveCfg = Debug|Any CPU
		{0500B909-98DB-4230-9588-00F558423CFC}.Debug|Any CPU.Build.0 = Debug|Any CPU
		{0500B909-98DB-4230-9588-00F558423CFC}.Release|Any CPU.ActiveCfg = Release|Any CPU
		{0500B909-98DB-4230-9588-00F558423CFC}.Release|Any CPU.Build.0 = Release|Any CPU
		{0500B909-98DB-4230-9588-00F558423CFD}.Debug|Any CPU.ActiveCfg = Debug|Any CPU
		{0500B909-98DB-4230-9588-00F558423CFD}.Debug|Any CPU.Build.0 = Debug|Any CPU
		{0500B909-98DB-4230-9588-00F558423CFD}.Release|Any CPU.ActiveCfg = Release|Any CPU
		{0500B909-98DB-4230-9588-00F558423CFD}.Release|Any CPU.Build.0 = Release|Any CPU
		{0500B909-98DB-4230-9588-00F558423CFB}.Debug|Any CPU.ActiveCfg = Debug|Any CPU
		{0500B909-98DB-4230-9588-00F558423CFB}.Debug|Any CPU.Build.0 = Debug|Any CPU
		{0500B909-98DB-4230-9588-00F558423CFB}.Release|Any CPU.ActiveCfg = Release|Any CPU
		{0500B909-98DB-4230-9588-00F558423CFB}.Release|Any CPU.Build.0 = Release|Any CPU
	EndGlobalSection
	GlobalSection(SolutionProperties) = preSolution
		HideSolutionNode = FALSE
	EndGlobalSection
EndGlobal
